// !$*UTF8*$!
{
	archiveVersion = 1;
	classes = {
	};
	objectVersion = 55;
	objects = {

/* Begin PBXBuildFile section */
		7D00ADF1285C962B00A38822 /* UPI_CashierApp.swift in Sources */ = {isa = PBXBuildFile; fileRef = 7D00ADF0285C962B00A38822 /* UPI_CashierApp.swift */; };
		7D00ADF3285C962B00A38822 /* ContentView.swift in Sources */ = {isa = PBXBuildFile; fileRef = 7D00ADF2285C962B00A38822 /* ContentView.swift */; };
		7D00ADF5285C962E00A38822 /* Assets.xcassets in Resources */ = {isa = PBXBuildFile; fileRef = 7D00ADF4285C962E00A38822 /* Assets.xcassets */; };
		7D00ADF8285C962E00A38822 /* Preview Assets.xcassets in Resources */ = {isa = PBXBuildFile; fileRef = 7D00ADF7285C962E00A38822 /* Preview Assets.xcassets */; };
		7D00ADFA285C962E00A38822 /* Persistence.swift in Sources */ = {isa = PBXBuildFile; fileRef = 7D00ADF9285C962E00A38822 /* Persistence.swift */; };
		7D00ADFD285C962E00A38822 /* UPI_Cashier.xcdatamodeld in Sources */ = {isa = PBXBuildFile; fileRef = 7D00ADFB285C962E00A38822 /* UPI_Cashier.xcdatamodeld */; };
		7D00AE07285C962E00A38822 /* UPI_CashierTests.swift in Sources */ = {isa = PBXBuildFile; fileRef = 7D00AE06285C962E00A38822 /* UPI_CashierTests.swift */; };
		7D00AE11285C962E00A38822 /* UPI_CashierUITests.swift in Sources */ = {isa = PBXBuildFile; fileRef = 7D00AE10285C962E00A38822 /* UPI_CashierUITests.swift */; };
		7D00AE13285C962E00A38822 /* UPI_CashierUITestsLaunchTests.swift in Sources */ = {isa = PBXBuildFile; fileRef = 7D00AE12285C962E00A38822 /* UPI_CashierUITestsLaunchTests.swift */; };
/* End PBXBuildFile section */

/* Begin PBXContainerItemProxy section */
		7D00AE03285C962E00A38822 /* PBXContainerItemProxy */ = {
			isa = PBXContainerItemProxy;
			containerPortal = 7D00ADE5285C962B00A38822 /* Project object */;
			proxyType = 1;
			remoteGlobalIDString = 7D00ADEC285C962B00A38822;
			remoteInfo = "UPI Cashier";
		};
		7D00AE0D285C962E00A38822 /* PBXContainerItemProxy */ = {
			isa = PBXContainerItemProxy;
			containerPortal = 7D00ADE5285C962B00A38822 /* Project object */;
			proxyType = 1;
			remoteGlobalIDString = 7D00ADEC285C962B00A38822;
			remoteInfo = "UPI Cashier";
		};
/* End PBXContainerItemProxy section */

/* Begin PBXFileReference section */
		7D00ADED285C962B00A38822 /* UPI Cashier.app */ = {isa = PBXFileReference; explicitFileType = wrapper.application; includeInIndex = 0; path = "UPI Cashier.app"; sourceTree = BUILT_PRODUCTS_DIR; };
		7D00ADF0285C962B00A38822 /* UPI_CashierApp.swift */ = {isa = PBXFileReference; lastKnownFileType = sourcecode.swift; path = UPI_CashierApp.swift; sourceTree = "<group>"; };
		7D00ADF2285C962B00A38822 /* ContentView.swift */ = {isa = PBXFileReference; lastKnownFileType = sourcecode.swift; path = ContentView.swift; sourceTree = "<group>"; };
		7D00ADF4285C962E00A38822 /* Assets.xcassets */ = {isa = PBXFileReference; lastKnownFileType = folder.assetcatalog; path = Assets.xcassets; sourceTree = "<group>"; };
		7D00ADF7285C962E00A38822 /* Preview Assets.xcassets */ = {isa = PBXFileReference; lastKnownFileType = folder.assetcatalog; path = "Preview Assets.xcassets"; sourceTree = "<group>"; };
		7D00ADF9285C962E00A38822 /* Persistence.swift */ = {isa = PBXFileReference; lastKnownFileType = sourcecode.swift; path = Persistence.swift; sourceTree = "<group>"; };
		7D00ADFC285C962E00A38822 /* UPI_Cashier.xcdatamodel */ = {isa = PBXFileReference; lastKnownFileType = wrapper.xcdatamodel; path = UPI_Cashier.xcdatamodel; sourceTree = "<group>"; };
		7D00AE02285C962E00A38822 /* UPI CashierTests.xctest */ = {isa = PBXFileReference; explicitFileType = wrapper.cfbundle; includeInIndex = 0; path = "UPI CashierTests.xctest"; sourceTree = BUILT_PRODUCTS_DIR; };
		7D00AE06285C962E00A38822 /* UPI_CashierTests.swift */ = {isa = PBXFileReference; lastKnownFileType = sourcecode.swift; path = UPI_CashierTests.swift; sourceTree = "<group>"; };
		7D00AE0C285C962E00A38822 /* UPI CashierUITests.xctest */ = {isa = PBXFileReference; explicitFileType = wrapper.cfbundle; includeInIndex = 0; path = "UPI CashierUITests.xctest"; sourceTree = BUILT_PRODUCTS_DIR; };
		7D00AE10285C962E00A38822 /* UPI_CashierUITests.swift */ = {isa = PBXFileReference; lastKnownFileType = sourcecode.swift; path = UPI_CashierUITests.swift; sourceTree = "<group>"; };
		7D00AE12285C962E00A38822 /* UPI_CashierUITestsLaunchTests.swift */ = {isa = PBXFileReference; lastKnownFileType = sourcecode.swift; path = UPI_CashierUITestsLaunchTests.swift; sourceTree = "<group>"; };
/* End PBXFileReference section */

/* Begin PBXFrameworksBuildPhase section */
		7D00ADEA285C962B00A38822 /* Frameworks */ = {
			isa = PBXFrameworksBuildPhase;
			buildActionMask = 2147483647;
			files = (
			);
			runOnlyForDeploymentPostprocessing = 0;
		};
		7D00ADFF285C962E00A38822 /* Frameworks */ = {
			isa = PBXFrameworksBuildPhase;
			buildActionMask = 2147483647;
			files = (
			);
			runOnlyForDeploymentPostprocessing = 0;
		};
		7D00AE09285C962E00A38822 /* Frameworks */ = {
			isa = PBXFrameworksBuildPhase;
			buildActionMask = 2147483647;
			files = (
			);
			runOnlyForDeploymentPostprocessing = 0;
		};
/* End PBXFrameworksBuildPhase section */

/* Begin PBXGroup section */
		7D00ADE4285C962B00A38822 = {
			isa = PBXGroup;
			children = (
				7D00ADEF285C962B00A38822 /* UPI Cashier */,
				7D00AE05285C962E00A38822 /* UPI CashierTests */,
				7D00AE0F285C962E00A38822 /* UPI CashierUITests */,
				7D00ADEE285C962B00A38822 /* Products */,
			);
			sourceTree = "<group>";
		};
		7D00ADEE285C962B00A38822 /* Products */ = {
			isa = PBXGroup;
			children = (
				7D00ADED285C962B00A38822 /* UPI Cashier.app */,
				7D00AE02285C962E00A38822 /* UPI CashierTests.xctest */,
				7D00AE0C285C962E00A38822 /* UPI CashierUITests.xctest */,
			);
			name = Products;
			sourceTree = "<group>";
		};
		7D00ADEF285C962B00A38822 /* UPI Cashier */ = {
			isa = PBXGroup;
			children = (
				7D00ADF0285C962B00A38822 /* UPI_CashierApp.swift */,
				7D00ADF2285C962B00A38822 /* ContentView.swift */,
				7D00ADF4285C962E00A38822 /* Assets.xcassets */,
				7D00ADF9285C962E00A38822 /* Persistence.swift */,
				7D00ADFB285C962E00A38822 /* UPI_Cashier.xcdatamodeld */,
				7D00ADF6285C962E00A38822 /* Preview Content */,
			);
			path = "UPI Cashier";
			sourceTree = "<group>";
		};
		7D00ADF6285C962E00A38822 /* Preview Content */ = {
			isa = PBXGroup;
			children = (
				7D00ADF7285C962E00A38822 /* Preview Assets.xcassets */,
			);
			path = "Preview Content";
			sourceTree = "<group>";
		};
		7D00AE05285C962E00A38822 /* UPI CashierTests */ = {
			isa = PBXGroup;
			children = (
				7D00AE06285C962E00A38822 /* UPI_CashierTests.swift */,
			);
			path = "UPI CashierTests";
			sourceTree = "<group>";
		};
		7D00AE0F285C962E00A38822 /* UPI CashierUITests */ = {
			isa = PBXGroup;
			children = (
				7D00AE10285C962E00A38822 /* UPI_CashierUITests.swift */,
				7D00AE12285C962E00A38822 /* UPI_CashierUITestsLaunchTests.swift */,
			);
			path = "UPI CashierUITests";
			sourceTree = "<group>";
		};
/* End PBXGroup section */

/* Begin PBXNativeTarget section */
		7D00ADEC285C962B00A38822 /* UPI Cashier */ = {
			isa = PBXNativeTarget;
			buildConfigurationList = 7D00AE16285C962E00A38822 /* Build configuration list for PBXNativeTarget "UPI Cashier" */;
			buildPhases = (
				7D00ADE9285C962B00A38822 /* Sources */,
				7D00ADEA285C962B00A38822 /* Frameworks */,
				7D00ADEB285C962B00A38822 /* Resources */,
			);
			buildRules = (
			);
			dependencies = (
			);
			name = "UPI Cashier";
			productName = "UPI Cashier";
			productReference = 7D00ADED285C962B00A38822 /* UPI Cashier.app */;
			productType = "com.apple.product-type.application";
		};
		7D00AE01285C962E00A38822 /* UPI CashierTests */ = {
			isa = PBXNativeTarget;
			buildConfigurationList = 7D00AE19285C962E00A38822 /* Build configuration list for PBXNativeTarget "UPI CashierTests" */;
			buildPhases = (
				7D00ADFE285C962E00A38822 /* Sources */,
				7D00ADFF285C962E00A38822 /* Frameworks */,
				7D00AE00285C962E00A38822 /* Resources */,
			);
			buildRules = (
			);
			dependencies = (
				7D00AE04285C962E00A38822 /* PBXTargetDependency */,
			);
			name = "UPI CashierTests";
			productName = "UPI CashierTests";
			productReference = 7D00AE02285C962E00A38822 /* UPI CashierTests.xctest */;
			productType = "com.apple.product-type.bundle.unit-test";
		};
		7D00AE0B285C962E00A38822 /* UPI CashierUITests */ = {
			isa = PBXNativeTarget;
			buildConfigurationList = 7D00AE1C285C962E00A38822 /* Build configuration list for PBXNativeTarget "UPI CashierUITests" */;
			buildPhases = (
				7D00AE08285C962E00A38822 /* Sources */,
				7D00AE09285C962E00A38822 /* Frameworks */,
				7D00AE0A285C962E00A38822 /* Resources */,
			);
			buildRules = (
			);
			dependencies = (
				7D00AE0E285C962E00A38822 /* PBXTargetDependency */,
			);
			name = "UPI CashierUITests";
			productName = "UPI CashierUITests";
			productReference = 7D00AE0C285C962E00A38822 /* UPI CashierUITests.xctest */;
			productType = "com.apple.product-type.bundle.ui-testing";
		};
/* End PBXNativeTarget section */

/* Begin PBXProject section */
		7D00ADE5285C962B00A38822 /* Project object */ = {
			isa = PBXProject;
			attributes = {
				BuildIndependentTargetsInParallel = 1;
				LastSwiftUpdateCheck = 1340;
				LastUpgradeCheck = 1340;
				TargetAttributes = {
					7D00ADEC285C962B00A38822 = {
						CreatedOnToolsVersion = 13.4.1;
					};
					7D00AE01285C962E00A38822 = {
						CreatedOnToolsVersion = 13.4.1;
						TestTargetID = 7D00ADEC285C962B00A38822;
					};
					7D00AE0B285C962E00A38822 = {
						CreatedOnToolsVersion = 13.4.1;
						TestTargetID = 7D00ADEC285C962B00A38822;
					};
				};
			};
			buildConfigurationList = 7D00ADE8285C962B00A38822 /* Build configuration list for PBXProject "UPI Cashier" */;
			compatibilityVersion = "Xcode 13.0";
			developmentRegion = en;
			hasScannedForEncodings = 0;
			knownRegions = (
				en,
				Base,
			);
			mainGroup = 7D00ADE4285C962B00A38822;
			productRefGroup = 7D00ADEE285C962B00A38822 /* Products */;
			projectDirPath = "";
			projectRoot = "";
			targets = (
				7D00ADEC285C962B00A38822 /* UPI Cashier */,
				7D00AE01285C962E00A38822 /* UPI CashierTests */,
				7D00AE0B285C962E00A38822 /* UPI CashierUITests */,
			);
		};
/* End PBXProject section */

/* Begin PBXResourcesBuildPhase section */
		7D00ADEB285C962B00A38822 /* Resources */ = {
			isa = PBXResourcesBuildPhase;
			buildActionMask = 2147483647;
			files = (
				7D00ADF8285C962E00A38822 /* Preview Assets.xcassets in Resources */,
				7D00ADF5285C962E00A38822 /* Assets.xcassets in Resources */,
			);
			runOnlyForDeploymentPostprocessing = 0;
		};
		7D00AE00285C962E00A38822 /* Resources */ = {
			isa = PBXResourcesBuildPhase;
			buildActionMask = 2147483647;
			files = (
			);
			runOnlyForDeploymentPostprocessing = 0;
		};
		7D00AE0A285C962E00A38822 /* Resources */ = {
			isa = PBXResourcesBuildPhase;
			buildActionMask = 2147483647;
			files = (
			);
			runOnlyForDeploymentPostprocessing = 0;
		};
/* End PBXResourcesBuildPhase section */

/* Begin PBXSourcesBuildPhase section */
		7D00ADE9285C962B00A38822 /* Sources */ = {
			isa = PBXSourcesBuildPhase;
			buildActionMask = 2147483647;
			files = (
				7D00ADFD285C962E00A38822 /* UPI_Cashier.xcdatamodeld in Sources */,
				7D00ADFA285C962E00A38822 /* Persistence.swift in Sources */,
				7D00ADF3285C962B00A38822 /* ContentView.swift in Sources */,
				7D00ADF1285C962B00A38822 /* UPI_CashierApp.swift in Sources */,
			);
			runOnlyForDeploymentPostprocessing = 0;
		};
		7D00ADFE285C962E00A38822 /* Sources */ = {
			isa = PBXSourcesBuildPhase;
			buildActionMask = 2147483647;
			files = (
				7D00AE07285C962E00A38822 /* UPI_CashierTests.swift in Sources */,
			);
			runOnlyForDeploymentPostprocessing = 0;
		};
		7D00AE08285C962E00A38822 /* Sources */ = {
			isa = PBXSourcesBuildPhase;
			buildActionMask = 2147483647;
			files = (
				7D00AE11285C962E00A38822 /* UPI_CashierUITests.swift in Sources */,
				7D00AE13285C962E00A38822 /* UPI_CashierUITestsLaunchTests.swift in Sources */,
			);
			runOnlyForDeploymentPostprocessing = 0;
		};
/* End PBXSourcesBuildPhase section */

/* Begin PBXTargetDependency section */
		7D00AE04285C962E00A38822 /* PBXTargetDependency */ = {
			isa = PBXTargetDependency;
			target = 7D00ADEC285C962B00A38822 /* UPI Cashier */;
			targetProxy = 7D00AE03285C962E00A38822 /* PBXContainerItemProxy */;
		};
		7D00AE0E285C962E00A38822 /* PBXTargetDependency */ = {
			isa = PBXTargetDependency;
			target = 7D00ADEC285C962B00A38822 /* UPI Cashier */;
			targetProxy = 7D00AE0D285C962E00A38822 /* PBXContainerItemProxy */;
		};
/* End PBXTargetDependency section */

/* Begin XCBuildConfiguration section */
		7D00AE14285C962E00A38822 /* Debug */ = {
			isa = XCBuildConfiguration;
			buildSettings = {
				ALWAYS_SEARCH_USER_PATHS = NO;
				CLANG_ANALYZER_NONNULL = YES;
				CLANG_ANALYZER_NUMBER_OBJECT_CONVERSION = YES_AGGRESSIVE;
				CLANG_CXX_LANGUAGE_STANDARD = "gnu++17";
				CLANG_ENABLE_MODULES = YES;
				CLANG_ENABLE_OBJC_ARC = YES;
				CLANG_ENABLE_OBJC_WEAK = YES;
				CLANG_WARN_BLOCK_CAPTURE_AUTORELEASING = YES;
				CLANG_WARN_BOOL_CONVERSION = YES;
				CLANG_WARN_COMMA = YES;
				CLANG_WARN_CONSTANT_CONVERSION = YES;
				CLANG_WARN_DEPRECATED_OBJC_IMPLEMENTATIONS = YES;
				CLANG_WARN_DIRECT_OBJC_ISA_USAGE = YES_ERROR;
				CLANG_WARN_DOCUMENTATION_COMMENTS = YES;
				CLANG_WARN_EMPTY_BODY = YES;
				CLANG_WARN_ENUM_CONVERSION = YES;
				CLANG_WARN_INFINITE_RECURSION = YES;
				CLANG_WARN_INT_CONVERSION = YES;
				CLANG_WARN_NON_LITERAL_NULL_CONVERSION = YES;
				CLANG_WARN_OBJC_IMPLICIT_RETAIN_SELF = YES;
				CLANG_WARN_OBJC_LITERAL_CONVERSION = YES;
				CLANG_WARN_OBJC_ROOT_CLASS = YES_ERROR;
				CLANG_WARN_QUOTED_INCLUDE_IN_FRAMEWORK_HEADER = YES;
				CLANG_WARN_RANGE_LOOP_ANALYSIS = YES;
				CLANG_WARN_STRICT_PROTOTYPES = YES;
				CLANG_WARN_SUSPICIOUS_MOVE = YES;
				CLANG_WARN_UNGUARDED_AVAILABILITY = YES_AGGRESSIVE;
				CLANG_WARN_UNREACHABLE_CODE = YES;
				CLANG_WARN__DUPLICATE_METHOD_MATCH = YES;
				COPY_PHASE_STRIP = NO;
				DEBUG_INFORMATION_FORMAT = dwarf;
				ENABLE_STRICT_OBJC_MSGSEND = YES;
				ENABLE_TESTABILITY = YES;
				GCC_C_LANGUAGE_STANDARD = gnu11;
				GCC_DYNAMIC_NO_PIC = NO;
				GCC_NO_COMMON_BLOCKS = YES;
				GCC_OPTIMIZATION_LEVEL = 0;
				GCC_PREPROCESSOR_DEFINITIONS = (
					"DEBUG=1",
					"$(inherited)",
				);
				GCC_WARN_64_TO_32_BIT_CONVERSION = YES;
				GCC_WARN_ABOUT_RETURN_TYPE = YES_ERROR;
				GCC_WARN_UNDECLARED_SELECTOR = YES;
				GCC_WARN_UNINITIALIZED_AUTOS = YES_AGGRESSIVE;
				GCC_WARN_UNUSED_FUNCTION = YES;
				GCC_WARN_UNUSED_VARIABLE = YES;
				IPHONEOS_DEPLOYMENT_TARGET = 15.5;
				MTL_ENABLE_DEBUG_INFO = INCLUDE_SOURCE;
				MTL_FAST_MATH = YES;
				ONLY_ACTIVE_ARCH = YES;
				SDKROOT = iphoneos;
				SWIFT_ACTIVE_COMPILATION_CONDITIONS = DEBUG;
				SWIFT_OPTIMIZATION_LEVEL = "-Onone";
			};
			name = Debug;
		};
		7D00AE15285C962E00A38822 /* Release */ = {
			isa = XCBuildConfiguration;
			buildSettings = {
				ALWAYS_SEARCH_USER_PATHS = NO;
				CLANG_ANALYZER_NONNULL = YES;
				CLANG_ANALYZER_NUMBER_OBJECT_CONVERSION = YES_AGGRESSIVE;
				CLANG_CXX_LANGUAGE_STANDARD = "gnu++17";
				CLANG_ENABLE_MODULES = YES;
				CLANG_ENABLE_OBJC_ARC = YES;
				CLANG_ENABLE_OBJC_WEAK = YES;
				CLANG_WARN_BLOCK_CAPTURE_AUTORELEASING = YES;
				CLANG_WARN_BOOL_CONVERSION = YES;
				CLANG_WARN_COMMA = YES;
				CLANG_WARN_CONSTANT_CONVERSION = YES;
				CLANG_WARN_DEPRECATED_OBJC_IMPLEMENTATIONS = YES;
				CLANG_WARN_DIRECT_OBJC_ISA_USAGE = YES_ERROR;
				CLANG_WARN_DOCUMENTATION_COMMENTS = YES;
				CLANG_WARN_EMPTY_BODY = YES;
				CLANG_WARN_ENUM_CONVERSION = YES;
				CLANG_WARN_INFINITE_RECURSION = YES;
				CLANG_WARN_INT_CONVERSION = YES;
				CLANG_WARN_NON_LITERAL_NULL_CONVERSION = YES;
				CLANG_WARN_OBJC_IMPLICIT_RETAIN_SELF = YES;
				CLANG_WARN_OBJC_LITERAL_CONVERSION = YES;
				CLANG_WARN_OBJC_ROOT_CLASS = YES_ERROR;
				CLANG_WARN_QUOTED_INCLUDE_IN_FRAMEWORK_HEADER = YES;
				CLANG_WARN_RANGE_LOOP_ANALYSIS = YES;
				CLANG_WARN_STRICT_PROTOTYPES = YES;
				CLANG_WARN_SUSPICIOUS_MOVE = YES;
				CLANG_WARN_UNGUARDED_AVAILABILITY = YES_AGGRESSIVE;
				CLANG_WARN_UNREACHABLE_CODE = YES;
				CLANG_WARN__DUPLICATE_METHOD_MATCH = YES;
				COPY_PHASE_STRIP = NO;
				DEBUG_INFORMATION_FORMAT = "dwarf-with-dsym";
				ENABLE_NS_ASSERTIONS = NO;
				ENABLE_STRICT_OBJC_MSGSEND = YES;
				GCC_C_LANGUAGE_STANDARD = gnu11;
				GCC_NO_COMMON_BLOCKS = YES;
				GCC_WARN_64_TO_32_BIT_CONVERSION = YES;
				GCC_WARN_ABOUT_RETURN_TYPE = YES_ERROR;
				GCC_WARN_UNDECLARED_SELECTOR = YES;
				GCC_WARN_UNINITIALIZED_AUTOS = YES_AGGRESSIVE;
				GCC_WARN_UNUSED_FUNCTION = YES;
				GCC_WARN_UNUSED_VARIABLE = YES;
				IPHONEOS_DEPLOYMENT_TARGET = 15.5;
				MTL_ENABLE_DEBUG_INFO = NO;
				MTL_FAST_MATH = YES;
				SDKROOT = iphoneos;
				SWIFT_COMPILATION_MODE = wholemodule;
				SWIFT_OPTIMIZATION_LEVEL = "-O";
				VALIDATE_PRODUCT = YES;
			};
			name = Release;
		};
		7D00AE17285C962E00A38822 /* Debug */ = {
			isa = XCBuildConfiguration;
			buildSettings = {
				ASSETCATALOG_COMPILER_APPICON_NAME = AppIcon;
				ASSETCATALOG_COMPILER_GLOBAL_ACCENT_COLOR_NAME = AccentColor;
				CODE_SIGN_STYLE = Automatic;
				CURRENT_PROJECT_VERSION = 1;
				DEVELOPMENT_ASSET_PATHS = "\"UPI Cashier/Preview Content\"";
				DEVELOPMENT_TEAM = F52AS242XV;
				ENABLE_PREVIEWS = YES;
				GENERATE_INFOPLIST_FILE = YES;
				INFOPLIST_KEY_UIApplicationSceneManifest_Generation = YES;
				INFOPLIST_KEY_UIApplicationSupportsIndirectInputEvents = YES;
				INFOPLIST_KEY_UILaunchScreen_Generation = YES;
				INFOPLIST_KEY_UISupportedInterfaceOrientations_iPad = "UIInterfaceOrientationPortrait UIInterfaceOrientationPortraitUpsideDown UIInterfaceOrientationLandscapeLeft UIInterfaceOrientationLandscapeRight";
				INFOPLIST_KEY_UISupportedInterfaceOrientations_iPhone = "UIInterfaceOrientationPortrait UIInterfaceOrientationLandscapeLeft UIInterfaceOrientationLandscapeRight";
				LD_RUNPATH_SEARCH_PATHS = (
					"$(inherited)",
					"@executable_path/Frameworks",
				);
				MARKETING_VERSION = 1.0;
				PRODUCT_BUNDLE_IDENTIFIER = "khaaliDimaag.UPI-Cashier";
				PRODUCT_NAME = "$(TARGET_NAME)";
				SWIFT_EMIT_LOC_STRINGS = YES;
				SWIFT_VERSION = 5.0;
				TARGETED_DEVICE_FAMILY = "1,2";
			};
			name = Debug;
		};
		7D00AE18285C962E00A38822 /* Release */ = {
			isa = XCBuildConfiguration;
			buildSettings = {
				ASSETCATALOG_COMPILER_APPICON_NAME = AppIcon;
				ASSETCATALOG_COMPILER_GLOBAL_ACCENT_COLOR_NAME = AccentColor;
				CODE_SIGN_STYLE = Automatic;
				CURRENT_PROJECT_VERSION = 1;
				DEVELOPMENT_ASSET_PATHS = "\"UPI Cashier/Preview Content\"";
				DEVELOPMENT_TEAM = F52AS242XV;
				ENABLE_PREVIEWS = YES;
				GENERATE_INFOPLIST_FILE = YES;
				INFOPLIST_KEY_UIApplicationSceneManifest_Generation = YES;
				INFOPLIST_KEY_UIApplicationSupportsIndirectInputEvents = YES;
				INFOPLIST_KEY_UILaunchScreen_Generation = YES;
				INFOPLIST_KEY_UISupportedInterfaceOrientations_iPad = "UIInterfaceOrientationPortrait UIInterfaceOrientationPortraitUpsideDown UIInterfaceOrientationLandscapeLeft UIInterfaceOrientationLandscapeRight";
				INFOPLIST_KEY_UISupportedInterfaceOrientations_iPhone = "UIInterfaceOrientationPortrait UIInterfaceOrientationLandscapeLeft UIInterfaceOrientationLandscapeRight";
				LD_RUNPATH_SEARCH_PATHS = (
					"$(inherited)",
					"@executable_path/Frameworks",
				);
				MARKETING_VERSION = 1.0;
				PRODUCT_BUNDLE_IDENTIFIER = "khaaliDimaag.UPI-Cashier";
				PRODUCT_NAME = "$(TARGET_NAME)";
				SWIFT_EMIT_LOC_STRINGS = YES;
				SWIFT_VERSION = 5.0;
				TARGETED_DEVICE_FAMILY = "1,2";
			};
			name = Release;
		};
		7D00AE1A285C962E00A38822 /* Debug */ = {
			isa = XCBuildConfiguration;
			buildSettings = {
				ALWAYS_EMBED_SWIFT_STANDARD_LIBRARIES = YES;
				BUNDLE_LOADER = "$(TEST_HOST)";
				CODE_SIGN_STYLE = Automatic;
				CURRENT_PROJECT_VERSION = 1;
				DEVELOPMENT_TEAM = F52AS242XV;
				GENERATE_INFOPLIST_FILE = YES;
				IPHONEOS_DEPLOYMENT_TARGET = 15.5;
				MARKETING_VERSION = 1.0;
				PRODUCT_BUNDLE_IDENTIFIER = "khaaliDimaag.UPI-CashierTests";
				PRODUCT_NAME = "$(TARGET_NAME)";
				SWIFT_EMIT_LOC_STRINGS = NO;
				SWIFT_VERSION = 5.0;
				TARGETED_DEVICE_FAMILY = "1,2";
				TEST_HOST = "$(BUILT_PRODUCTS_DIR)/UPI Cashier.app/UPI Cashier";
			};
			name = Debug;
		};
		7D00AE1B285C962E00A38822 /* Release */ = {
			isa = XCBuildConfiguration;
			buildSettings = {
				ALWAYS_EMBED_SWIFT_STANDARD_LIBRARIES = YES;
				BUNDLE_LOADER = "$(TEST_HOST)";
				CODE_SIGN_STYLE = Automatic;
				CURRENT_PROJECT_VERSION = 1;
				DEVELOPMENT_TEAM = F52AS242XV;
				GENERATE_INFOPLIST_FILE = YES;
				IPHONEOS_DEPLOYMENT_TARGET = 15.5;
				MARKETING_VERSION = 1.0;
				PRODUCT_BUNDLE_IDENTIFIER = "khaaliDimaag.UPI-CashierTests";
				PRODUCT_NAME = "$(TARGET_NAME)";
				SWIFT_EMIT_LOC_STRINGS = NO;
				SWIFT_VERSION = 5.0;
				TARGETED_DEVICE_FAMILY = "1,2";
				TEST_HOST = "$(BUILT_PRODUCTS_DIR)/UPI Cashier.app/UPI Cashier";
			};
			name = Release;
		};
		7D00AE1D285C962E00A38822 /* Debug */ = {
			isa = XCBuildConfiguration;
			buildSettings = {
				ALWAYS_EMBED_SWIFT_STANDARD_LIBRARIES = YES;
				CODE_SIGN_STYLE = Automatic;
				CURRENT_PROJECT_VERSION = 1;
				DEVELOPMENT_TEAM = F52AS242XV;
				GENERATE_INFOPLIST_FILE = YES;
				MARKETING_VERSION = 1.0;
				PRODUCT_BUNDLE_IDENTIFIER = "khaaliDimaag.UPI-CashierUITests";
				PRODUCT_NAME = "$(TARGET_NAME)";
				SWIFT_EMIT_LOC_STRINGS = NO;
				SWIFT_VERSION = 5.0;
				TARGETED_DEVICE_FAMILY = "1,2";
				TEST_TARGET_NAME = "UPI Cashier";
			};
			name = Debug;
		};
		7D00AE1E285C962E00A38822 /* Release */ = {
			isa = XCBuildConfiguration;
			buildSettings = {
				ALWAYS_EMBED_SWIFT_STANDARD_LIBRARIES = YES;
				CODE_SIGN_STYLE = Automatic;
				CURRENT_PROJECT_VERSION = 1;
				DEVELOPMENT_TEAM = F52AS242XV;
				GENERATE_INFOPLIST_FILE = YES;
				MARKETING_VERSION = 1.0;
				PRODUCT_BUNDLE_IDENTIFIER = "khaaliDimaag.UPI-CashierUITests";
				PRODUCT_NAME = "$(TARGET_NAME)";
				SWIFT_EMIT_LOC_STRINGS = NO;
				SWIFT_VERSION = 5.0;
				TARGETED_DEVICE_FAMILY = "1,2";
				TEST_TARGET_NAME = "UPI Cashier";
			};
			name = Release;
		};
/* End XCBuildConfiguration section */

/* Begin XCConfigurationList section */
		7D00ADE8285C962B00A38822 /* Build configuration list for PBXProject "UPI Cashier" */ = {
			isa = XCConfigurationList;
			buildConfigurations = (
				7D00AE14285C962E00A38822 /* Debug */,
				7D00AE15285C962E00A38822 /* Release */,
			);
			defaultConfigurationIsVisible = 0;
			defaultConfigurationName = Release;
		};
		7D00AE16285C962E00A38822 /* Build configuration list for PBXNativeTarget "UPI Cashier" */ = {
			isa = XCConfigurationList;
			buildConfigurations = (
				7D00AE17285C962E00A38822 /* Debug */,
				7D00AE18285C962E00A38822 /* Release */,
			);
			defaultConfigurationIsVisible = 0;
			defaultConfigurationName = Release;
		};
		7D00AE19285C962E00A38822 /* Build configuration list for PBXNativeTarget "UPI CashierTests" */ = {
			isa = XCConfigurationList;
			buildConfigurations = (
				7D00AE1A285C962E00A38822 /* Debug */,
				7D00AE1B285C962E00A38822 /* Release */,
			);
			defaultConfigurationIsVisible = 0;
			defaultConfigurationName = Release;
		};
		7D00AE1C285C962E00A38822 /* Build configuration list for PBXNativeTarget "UPI CashierUITests" */ = {
			isa = XCConfigurationList;
			buildConfigurations = (
				7D00AE1D285C962E00A38822 /* Debug */,
				7D00AE1E285C962E00A38822 /* Release */,
			);
			defaultConfigurationIsVisible = 0;
			defaultConfigurationName = Release;
		};
/* End XCConfigurationList section */

/* Begin XCVersionGroup section */
		7D00ADFB285C962E00A38822 /* UPI_Cashier.xcdatamodeld */ = {
			isa = XCVersionGroup;
			children = (
				7D00ADFC285C962E00A38822 /* UPI_Cashier.xcdatamodel */,
			);
			currentVersion = 7D00ADFC285C962E00A38822 /* UPI_Cashier.xcdatamodel */;
			path = UPI_Cashier.xcdatamodeld;
			sourceTree = "<group>";
			versionGroupType = wrapper.xcdatamodel;
		};
/* End XCVersionGroup section */
	};
	rootObject = 7D00ADE5285C962B00A38822 /* Project object */;
}
